github.com/cogentcore/webgpu v0.23.0 h1:hrjnnuDZAPSRsqBjQAsJOyg2COGztIkBbxL87r0Q9KE=
github.com/cogentcore/webgpu v0.23.0/go.mod h1:ciqaxChrmRRMU1SnI5OE12Cn3QWvOKO+e5nSy+N9S1o=
github.com/veandco/go-sdl2 v0.4.40 h1:fZv6wC3zz1Xt167P09gazawnpa0KY5LM7JAvKpX9d/U=
github.com/veandco/go-sdl2 v0.4.40/go.mod h1:OROqMhHD43nT4/i9crJukyVecjPNYYuCofep6SNiAjY=
github.com/vulkan-go/vulkan v0.0.0-20221209234627-c0a353ae26c8 h1:qPHDyQTLtn40kezY6y4UL7bH7Z0Im9wSu1tQtM2wbUU=
github.com/vulkan-go/vulkan v0.0.0-20221209234627-c0a353ae26c8/go.mod h1:Y5Ti1uUBdKDsb0W8aPtIo9krs+29Y7p6Bc9yyy4AM6g=
