github.com/Masterminds/semver/v3 v3.5.0 h1:kQceYJfbupGfZOKZQg0kou0DgAKhzDg2NZPAwZ/2OOE=
github.com/Masterminds/semver/v3 v3.5.0/go.mod h1:4V+yj/TJE1HU9XfppCwVMZq3I84lprf4nC11bSS5beM=
github.com/ebitengine/purego v0.10.0 h1:QIw4xfpWT6GWTzaW5XEKy3HXoqrJGx1ijYHzTF0/ISU=
github.com/ebitengine/purego v0.10.0/go.mod h1:iIjxzd6CiRiOG0UyXP+V1+jWqUXVjPKLAI0mRfJZTmQ=
github.com/gen2brain/raylib-go/raylib v0.60.0 h1:KsP7W3EMkmb9zztivdgbh1bXR78pEuqP6jeUR8GCbEA=
github.com/gen2brain/raylib-go/raylib v0.60.0/go.mod h1:puAMU7Zcx6VJ6pcZSSs3gGFPyFvJuTwQlfm4KzeoXy8=
github.com/jupiterrider/ffi v0.7.0 h1:RKsl6Ascal+3kyAqR5Qcbp83LceQMLc1VZbPfHWoNzs=
github.com/jupiterrider/ffi v0.7.0/go.mod h1:9dauhpOfNqrqk28fxuu0kkdeFtT9Qr4vbfigiuIXN7c=
github.com/tetratelabs/wazero v1.12.0 h1:DuWcpNu/FzgEXgGBDp8J1Spc+CWOvvtvVyjKlaZopYU=
github.com/tetratelabs/wazero v1.12.0/go.mod h1:LvKtzl2RqO4gyF27BiXU+nKAjcV8f38U+kP/q2vgxh0=
golang.org/x/exp v0.0.0-20240506185415-9bf2ced13842 h1:vr/HnozRka3pE4EsMEg1lgkXJkTFJCVUX+S/ZT6wYzM=
golang.org/x/exp v0.0.0-20240506185415-9bf2ced13842/go.mod h1:XtvwrStGgqGPLc4cjQfWqZHG1YFdYs6swckp8vpsjnc=
golang.org/x/sys v0.44.0 h1:ildZl3J4uzeKP07r2F++Op7E9B29JRUy+a27EibtBTQ=
golang.org/x/sys v0.44.0/go.mod h1:4GL1E5IUh+htKOUEOaiffhrAeqysfVGipDYzABqnCmw=
